
Microsoft Visual Studio Solution File, Format Version 12.00
# Visual Studio Version 16
VisualStudioVersion = 16.0.31729.503
MinimumVisualStudioVersion = 10.0.40219.1
Project("{FAE04EC0-301F-11D3-BF4B-00C04F79EFBC}") = "CaccamoGeneratorePassword", "CaccamoGeneratorePassword\CaccamoGeneratorePassword.csproj", "{C82D601E-65E1-4D2A-937A-7EFFCBA2DEB6}"
EndProject
Global
	GlobalSection(SolutionConfigurationPlatforms) = preSolution
		Debug|Any CPU = Debug|Any CPU
		Release|Any CPU = Release|Any CPU
	EndGlobalSection
	GlobalSection(ProjectConfigurationPlatforms) = postSolution
		{C82D601E-65E1-4D2A-937A-7EFFCBA2DEB6}.Debug|Any CPU.ActiveCfg = Debug|Any CPU
		{C82D601E-65E1-4D2A-937A-7EFFCBA2DEB6}.Debug|Any CPU.Build.0 = Debug|Any CPU
		{C82D601E-65E1-4D2A-937A-7EFFCBA2DEB6}.Release|Any CPU.ActiveCfg = Release|Any CPU
		{C82D601E-65E1-4D2A-937A-7EFFCBA2DEB6}.Release|Any CPU.Build.0 = Release|Any CPU
	EndGlobalSection
	GlobalSection(SolutionProperties) = preSolution
		HideSolutionNode = FALSE
	EndGlobalSection
	GlobalSection(ExtensibilityGlobals) = postSolution
		SolutionGuid = {3D00A014-63A9-48C1-B66E-E75B12649834}
	EndGlobalSection
EndGlobal
